github.com/coreos/go-systemd/v22 v22.2.0 h1:BBmbNtSc5PuUM3Byxs7yE5rLdxQO4/FMoEXY5Rle4GA=
github.com/coreos/go-systemd/v22 v22.2.0/go.mod h1:xO0FLkIi5MaZafQlIrOotqXZ90ih+1atmu1JpKERPPk=
github.com/godbus/dbus/v5 v5.0.3/go.mod h1:xhWf0FNVPg57R7Z0UbKHbJfkEywrmjJnf7w5xrFpKfA=
github.com/tsavola/mu v1.1.0 h1:ASXrJeSkZy7gePKCy5rmfR3A2Zn5gg03aHa5Kn8GH9s=
github.com/tsavola/mu v1.1.0/go.mod h1:uh+UOPcLhbDz4XoMmPg0/9Rl7BCIV0snqUWQEgZrSXc=
