github.com/coreos/go-systemd/v22 v22.5.0 h1:RrqgGjYQKalulkV8NGVIfkXQf6YYmOyiJKk8iXXhfZs=
github.com/coreos/go-systemd/v22 v22.5.0/go.mod h1:Y58oyj3AT4RCenI/lSvhwexgC+NSVTIJ3seZv2GcEnc=
github.com/godbus/dbus/v5 v5.0.3/go.mod h1:xhWf0FNVPg57R7Z0UbKHbJfkEywrmjJnf7w5xrFpKfA=
github.com/godbus/dbus/v5 v5.0.4/go.mod h1:xhWf0FNVPg57R7Z0UbKHbJfkEywrmjJnf7w5xrFpKfA=
import.name/lock v0.0.0-20211205191324-f24933776f0b h1:BGZe3RGI6lRASOz5fdX9i00k9f5BXdWMG4DG7qohCAY=
import.name/lock v0.0.0-20211205191324-f24933776f0b/go.mod h1:A/P+1darHq1WWQZaqhNcXx0mdLynmjtDPIu6g0ZxuX8=
